
Microsoft Visual Studio Solution File, Format Version 12.00
# Visual Studio 2012
Project("{FAE04EC0-301F-11D3-BF4B-00C04F79EFBC}") = "Cueros.App.Core", "Cueros.App.Core\Cueros.App.Core.csproj", "{0E84E911-43DF-4363-9AE3-9340C0BE72E4}"
EndProject
Project("{FAE04EC0-301F-11D3-BF4B-00C04F79EFBC}") = "Cueros.App.WPF", "Cueros.App.WPF\Cueros.App.WPF.csproj", "{E43E3F73-0DC5-46CC-A47A-85A0306E497B}"
EndProject
Project("{FAE04EC0-301F-11D3-BF4B-00C04F79EFBC}") = "Cueros.App.Phone", "Cueros.App.Phone\Cueros.App.Phone.csproj", "{BC1C33CB-8EB6-4B8E-96A8-B997DB3BC125}"
EndProject
Project("{FAE04EC0-301F-11D3-BF4B-00C04F79EFBC}") = "Cueros.App.Store", "Cueros.App.Store\Cueros.App.Store.csproj", "{A38A3DF4-AA0C-4B9E-BAFA-C5FE469F461D}"
EndProject
Project("{FAE04EC0-301F-11D3-BF4B-00C04F79EFBC}") = "Cueros.App.Phone.Testing", "Cueros.App.Phone.Testing\Cueros.App.Phone.Testing.csproj", "{5C65C8BD-BBD9-47FA-B03D-FAF28C8E8F02}"
EndProject
Global
	GlobalSection(SolutionConfigurationPlatforms) = preSolution
		Debug|Any CPU = Debug|Any CPU
		Debug|ARM = Debug|ARM
		Debug|x64 = Debug|x64
		Debug|x86 = Debug|x86
		Release|Any CPU = Release|Any CPU
		Release|ARM = Release|ARM
		Release|x64 = Release|x64
		Release|x86 = Release|x86
	EndGlobalSection
	GlobalSection(ProjectConfigurationPlatforms) = postSolution
		{0E84E911-43DF-4363-9AE3-9340C0BE72E4}.Debug|Any CPU.ActiveCfg = Debug|Any CPU
		{0E84E911-43DF-4363-9AE3-9340C0BE72E4}.Debug|Any CPU.Build.0 = Debug|Any CPU
		{0E84E911-43DF-4363-9AE3-9340C0BE72E4}.Debug|ARM.ActiveCfg = Debug|Any CPU
		{0E84E911-43DF-4363-9AE3-9340C0BE72E4}.Debug|x64.ActiveCfg = Debug|Any CPU
		{0E84E911-43DF-4363-9AE3-9340C0BE72E4}.Debug|x86.ActiveCfg = Debug|Any CPU
		{0E84E911-43DF-4363-9AE3-9340C0BE72E4}.Release|Any CPU.ActiveCfg = Release|Any CPU
		{0E84E911-43DF-4363-9AE3-9340C0BE72E4}.Release|Any CPU.Build.0 = Release|Any CPU
		{0E84E911-43DF-4363-9AE3-9340C0BE72E4}.Release|ARM.ActiveCfg = Release|Any CPU
		{0E84E911-43DF-4363-9AE3-9340C0BE72E4}.Release|x64.ActiveCfg = Release|Any CPU
		{0E84E911-43DF-4363-9AE3-9340C0BE72E4}.Release|x86.ActiveCfg = Release|Any CPU
		{E43E3F73-0DC5-46CC-A47A-85A0306E497B}.Debug|Any CPU.ActiveCfg = Debug|Any CPU
		{E43E3F73-0DC5-46CC-A47A-85A0306E497B}.Debug|Any CPU.Build.0 = Debug|Any CPU
		{E43E3F73-0DC5-46CC-A47A-85A0306E497B}.Debug|ARM.ActiveCfg = Debug|Any CPU
		{E43E3F73-0DC5-46CC-A47A-85A0306E497B}.Debug|x64.ActiveCfg = Debug|Any CPU
		{E43E3F73-0DC5-46CC-A47A-85A0306E497B}.Debug|x86.ActiveCfg = Debug|Any CPU
		{E43E3F73-0DC5-46CC-A47A-85A0306E497B}.Release|Any CPU.ActiveCfg = Release|Any CPU
		{E43E3F73-0DC5-46CC-A47A-85A0306E497B}.Release|Any CPU.Build.0 = Release|Any CPU
		{E43E3F73-0DC5-46CC-A47A-85A0306E497B}.Release|ARM.ActiveCfg = Release|Any CPU
		{E43E3F73-0DC5-46CC-A47A-85A0306E497B}.Release|x64.ActiveCfg = Release|Any CPU
		{E43E3F73-0DC5-46CC-A47A-85A0306E497B}.Release|x86.ActiveCfg = Release|Any CPU
		{BC1C33CB-8EB6-4B8E-96A8-B997DB3BC125}.Debug|Any CPU.ActiveCfg = Debug|Any CPU
		{BC1C33CB-8EB6-4B8E-96A8-B997DB3BC125}.Debug|Any CPU.Build.0 = Debug|Any CPU
		{BC1C33CB-8EB6-4B8E-96A8-B997DB3BC125}.Debug|Any CPU.Deploy.0 = Debug|Any CPU
		{BC1C33CB-8EB6-4B8E-96A8-B997DB3BC125}.Debug|ARM.ActiveCfg = Debug|ARM
		{BC1C33CB-8EB6-4B8E-96A8-B997DB3BC125}.Debug|ARM.Build.0 = Debug|ARM
		{BC1C33CB-8EB6-4B8E-96A8-B997DB3BC125}.Debug|ARM.Deploy.0 = Debug|ARM
		{BC1C33CB-8EB6-4B8E-96A8-B997DB3BC125}.Debug|x64.ActiveCfg = Debug|Any CPU
		{BC1C33CB-8EB6-4B8E-96A8-B997DB3BC125}.Debug|x86.ActiveCfg = Debug|x86
		{BC1C33CB-8EB6-4B8E-96A8-B997DB3BC125}.Debug|x86.Build.0 = Debug|x86
		{BC1C33CB-8EB6-4B8E-96A8-B997DB3BC125}.Debug|x86.Deploy.0 = Debug|x86
		{BC1C33CB-8EB6-4B8E-96A8-B997DB3BC125}.Release|Any CPU.ActiveCfg = Release|Any CPU
		{BC1C33CB-8EB6-4B8E-96A8-B997DB3BC125}.Release|Any CPU.Build.0 = Release|Any CPU
		{BC1C33CB-8EB6-4B8E-96A8-B997DB3BC125}.Release|Any CPU.Deploy.0 = Release|Any CPU
		{BC1C33CB-8EB6-4B8E-96A8-B997DB3BC125}.Release|ARM.ActiveCfg = Release|ARM
		{BC1C33CB-8EB6-4B8E-96A8-B997DB3BC125}.Release|ARM.Build.0 = Release|ARM
		{BC1C33CB-8EB6-4B8E-96A8-B997DB3BC125}.Release|ARM.Deploy.0 = Release|ARM
		{BC1C33CB-8EB6-4B8E-96A8-B997DB3BC125}.Release|x64.ActiveCfg = Release|Any CPU
		{BC1C33CB-8EB6-4B8E-96A8-B997DB3BC125}.Release|x86.ActiveCfg = Release|x86
		{BC1C33CB-8EB6-4B8E-96A8-B997DB3BC125}.Release|x86.Build.0 = Release|x86
		{BC1C33CB-8EB6-4B8E-96A8-B997DB3BC125}.Release|x86.Deploy.0 = Release|x86
		{A38A3DF4-AA0C-4B9E-BAFA-C5FE469F461D}.Debug|Any CPU.ActiveCfg = Debug|Any CPU
		{A38A3DF4-AA0C-4B9E-BAFA-C5FE469F461D}.Debug|Any CPU.Build.0 = Debug|Any CPU
		{A38A3DF4-AA0C-4B9E-BAFA-C5FE469F461D}.Debug|Any CPU.Deploy.0 = Debug|Any CPU
		{A38A3DF4-AA0C-4B9E-BAFA-C5FE469F461D}.Debug|ARM.ActiveCfg = Debug|ARM
		{A38A3DF4-AA0C-4B9E-BAFA-C5FE469F461D}.Debug|ARM.Build.0 = Debug|ARM
		{A38A3DF4-AA0C-4B9E-BAFA-C5FE469F461D}.Debug|ARM.Deploy.0 = Debug|ARM
		{A38A3DF4-AA0C-4B9E-BAFA-C5FE469F461D}.Debug|x64.ActiveCfg = Debug|x64
		{A38A3DF4-AA0C-4B9E-BAFA-C5FE469F461D}.Debug|x64.Build.0 = Debug|x64
		{A38A3DF4-AA0C-4B9E-BAFA-C5FE469F461D}.Debug|x64.Deploy.0 = Debug|x64
		{A38A3DF4-AA0C-4B9E-BAFA-C5FE469F461D}.Debug|x86.ActiveCfg = Debug|x86
		{A38A3DF4-AA0C-4B9E-BAFA-C5FE469F461D}.Debug|x86.Build.0 = Debug|x86
		{A38A3DF4-AA0C-4B9E-BAFA-C5FE469F461D}.Debug|x86.Deploy.0 = Debug|x86
		{A38A3DF4-AA0C-4B9E-BAFA-C5FE469F461D}.Release|Any CPU.ActiveCfg = Release|Any CPU
		{A38A3DF4-AA0C-4B9E-BAFA-C5FE469F461D}.Release|Any CPU.Build.0 = Release|Any CPU
		{A38A3DF4-AA0C-4B9E-BAFA-C5FE469F461D}.Release|Any CPU.Deploy.0 = Release|Any CPU
		{A38A3DF4-AA0C-4B9E-BAFA-C5FE469F461D}.Release|ARM.ActiveCfg = Release|ARM
		{A38A3DF4-AA0C-4B9E-BAFA-C5FE469F461D}.Release|ARM.Build.0 = Release|ARM
		{A38A3DF4-AA0C-4B9E-BAFA-C5FE469F461D}.Release|ARM.Deploy.0 = Release|ARM
		{A38A3DF4-AA0C-4B9E-BAFA-C5FE469F461D}.Release|x64.ActiveCfg = Release|x64
		{A38A3DF4-AA0C-4B9E-BAFA-C5FE469F461D}.Release|x64.Build.0 = Release|x64
		{A38A3DF4-AA0C-4B9E-BAFA-C5FE469F461D}.Release|x64.Deploy.0 = Release|x64
		{A38A3DF4-AA0C-4B9E-BAFA-C5FE469F461D}.Release|x86.ActiveCfg = Release|x86
		{A38A3DF4-AA0C-4B9E-BAFA-C5FE469F461D}.Release|x86.Build.0 = Release|x86
		{A38A3DF4-AA0C-4B9E-BAFA-C5FE469F461D}.Release|x86.Deploy.0 = Release|x86
		{5C65C8BD-BBD9-47FA-B03D-FAF28C8E8F02}.Debug|Any CPU.ActiveCfg = Debug|Any CPU
		{5C65C8BD-BBD9-47FA-B03D-FAF28C8E8F02}.Debug|Any CPU.Build.0 = Debug|Any CPU
		{5C65C8BD-BBD9-47FA-B03D-FAF28C8E8F02}.Debug|Any CPU.Deploy.0 = Debug|Any CPU
		{5C65C8BD-BBD9-47FA-B03D-FAF28C8E8F02}.Debug|ARM.ActiveCfg = Debug|ARM
		{5C65C8BD-BBD9-47FA-B03D-FAF28C8E8F02}.Debug|ARM.Build.0 = Debug|ARM
		{5C65C8BD-BBD9-47FA-B03D-FAF28C8E8F02}.Debug|ARM.Deploy.0 = Debug|ARM
		{5C65C8BD-BBD9-47FA-B03D-FAF28C8E8F02}.Debug|x64.ActiveCfg = Debug|Any CPU
		{5C65C8BD-BBD9-47FA-B03D-FAF28C8E8F02}.Debug|x86.ActiveCfg = Debug|x86
		{5C65C8BD-BBD9-47FA-B03D-FAF28C8E8F02}.Debug|x86.Build.0 = Debug|x86
		{5C65C8BD-BBD9-47FA-B03D-FAF28C8E8F02}.Debug|x86.Deploy.0 = Debug|x86
		{5C65C8BD-BBD9-47FA-B03D-FAF28C8E8F02}.Release|Any CPU.ActiveCfg = Release|Any CPU
		{5C65C8BD-BBD9-47FA-B03D-FAF28C8E8F02}.Release|Any CPU.Build.0 = Release|Any CPU
		{5C65C8BD-BBD9-47FA-B03D-FAF28C8E8F02}.Release|Any CPU.Deploy.0 = Release|Any CPU
		{5C65C8BD-BBD9-47FA-B03D-FAF28C8E8F02}.Release|ARM.ActiveCfg = Release|ARM
		{5C65C8BD-BBD9-47FA-B03D-FAF28C8E8F02}.Release|ARM.Build.0 = Release|ARM
		{5C65C8BD-BBD9-47FA-B03D-FAF28C8E8F02}.Release|ARM.Deploy.0 = Release|ARM
		{5C65C8BD-BBD9-47FA-B03D-FAF28C8E8F02}.Release|x64.ActiveCfg = Release|Any CPU
		{5C65C8BD-BBD9-47FA-B03D-FAF28C8E8F02}.Release|x86.ActiveCfg = Release|x86
		{5C65C8BD-BBD9-47FA-B03D-FAF28C8E8F02}.Release|x86.Build.0 = Release|x86
		{5C65C8BD-BBD9-47FA-B03D-FAF28C8E8F02}.Release|x86.Deploy.0 = Release|x86
	EndGlobalSection
	GlobalSection(SolutionProperties) = preSolution
		HideSolutionNode = FALSE
	EndGlobalSection
EndGlobal
